
Microsoft Visual Studio Solution File, Format Version 12.00
# Visual Studio Version 17
VisualStudioVersion = 17.4.33205.214
MinimumVisualStudioVersion = 10.0.40219.1
Project("{9A19103F-16F7-4668-BE54-9A1E7A4F7556}") = "FESScript2", "FESScript2.csproj", "{40886D36-015E-4543-891F-B3DABEDC6EEE}"
EndProject
Global
	GlobalSection(SolutionConfigurationPlatforms) = preSolution
		Debug|Any CPU = Debug|Any CPU
		Release|Any CPU = Release|Any CPU
	EndGlobalSection
	GlobalSection(ProjectConfigurationPlatforms) = postSolution
		{40886D36-015E-4543-891F-B3DABEDC6EEE}.Debug|Any CPU.ActiveCfg = Debug|Any CPU
		{40886D36-015E-4543-891F-B3DABEDC6EEE}.Debug|Any CPU.Build.0 = Debug|Any CPU
		{40886D36-015E-4543-891F-B3DABEDC6EEE}.Release|Any CPU.ActiveCfg = Release|Any CPU
		{40886D36-015E-4543-891F-B3DABEDC6EEE}.Release|Any CPU.Build.0 = Release|Any CPU
	EndGlobalSection
	GlobalSection(SolutionProperties) = preSolution
		HideSolutionNode = FALSE
	EndGlobalSection
	GlobalSection(ExtensibilityGlobals) = postSolution
		SolutionGuid = {6C6CF39C-A86F-425B-A2A4-B573FDF0A982}
	EndGlobalSection
EndGlobal
